{
    "requires": true,
    "lockfileVersion": 1,
    "dependencies": {
        "froala-editor": {
            "version": "3.0.0-beta.2-1",
            "resolved": "https://registry.npmjs.org/froala-editor/-/froala-editor-3.0.0-beta.2-1.tgz",
            "integrity": "sha512-OXsysY4wqEj1qw2ctSWTfFEltzHPeLU5KUrCBVwsywBB2LWv6u5Qrq78aDbVuW/OmDblt4sQQZxBuktRDNAxNA=="
        }
    }
}
